
Microsoft Visual Studio Solution File, Format Version 12.00
# Visual Studio Version 17
VisualStudioVersion = 17.14.36408.4 d17.14
MinimumVisualStudioVersion = 10.0.40219.1
Project("{FAE04EC0-301F-11D3-BF4B-00C04F79EFBC}") = "MyWebAPI", "MyWebAPI\MyWebAPI.csproj", "{A9083CBF-E894-42A9-9A81-576C58C31C61}"
EndProject
Global
	GlobalSection(SolutionConfigurationPlatforms) = preSolution
		Debug|Any CPU = Debug|Any CPU
		Release|Any CPU = Release|Any CPU
	EndGlobalSection
	GlobalSection(ProjectConfigurationPlatforms) = postSolution
		{A9083CBF-E894-42A9-9A81-576C58C31C61}.Debug|Any CPU.ActiveCfg = Debug|Any CPU
		{A9083CBF-E894-42A9-9A81-576C58C31C61}.Debug|Any CPU.Build.0 = Debug|Any CPU
		{A9083CBF-E894-42A9-9A81-576C58C31C61}.Release|Any CPU.ActiveCfg = Release|Any CPU
		{A9083CBF-E894-42A9-9A81-576C58C31C61}.Release|Any CPU.Build.0 = Release|Any CPU
	EndGlobalSection
	GlobalSection(SolutionProperties) = preSolution
		HideSolutionNode = FALSE
	EndGlobalSection
	GlobalSection(ExtensibilityGlobals) = postSolution
		SolutionGuid = {077462A5-D8BB-4DFB-8131-98C9584A7463}
	EndGlobalSection
EndGlobal
